
Microsoft Visual Studio Solution File, Format Version 12.00
# Visual Studio 15
VisualStudioVersion = 15.0.28010.2026
MinimumVisualStudioVersion = 10.0.40219.1
Project("{8BC9CEB8-8B4A-11D0-8D11-00A0C91BC942}") = "AntTweakBarStatic", "AntTweakBarStatic\AntTweakBarStatic.vcxproj", "{BA1CBD1B-E264-41A2-8308-55C259AE73B4}"
EndProject
Project("{8BC9CEB8-8B4A-11D0-8D11-00A0C91BC942}") = "common", "common\common.vcxproj", "{2E0BE8E2-16C2-4626-9B03-EE2DACAE4DAF}"
EndProject
Project("{8BC9CEB8-8B4A-11D0-8D11-00A0C91BC942}") = "stbi", "stbi\stbi.vcxproj", "{ED133D7A-F5D6-4C97-B636-3D609175E154}"
EndProject
Project("{8BC9CEB8-8B4A-11D0-8D11-00A0C91BC942}") = "Triangle", "Triangle\Triangle.vcxproj", "{03284BAF-45D7-41E6-B4E2-37A7FD95D1EC}"
EndProject
Project("{8BC9CEB8-8B4A-11D0-8D11-00A0C91BC942}") = "GshShell", "GshShell\GshShell.vcxproj", "{E16B00B8-5DB8-49FB-B472-55A2E6CAF253}"
EndProject
Project("{8BC9CEB8-8B4A-11D0-8D11-00A0C91BC942}") = "Monkey", "Monkey\Monkey.vcxproj", "{7563F1BD-C9C6-4007-8CC0-624ECE0D78A8}"
EndProject
Project("{8BC9CEB8-8B4A-11D0-8D11-00A0C91BC942}") = "ShaderEffects", "ShaderEffects\ShaderEffects.vcxproj", "{93263A3E-7585-49AE-B034-445578D41185}"
EndProject
Project("{8BC9CEB8-8B4A-11D0-8D11-00A0C91BC942}") = "GLTracer", "GLTracer\GLTracer.vcxproj", "{0D4C38EC-A112-472B-A743-1D37AE1DFE00}"
EndProject
Project("{8BC9CEB8-8B4A-11D0-8D11-00A0C91BC942}") = "CasesGLTracer", "CasesGLTracer\CasesGLTracer.vcxproj", "{2B348562-DC01-4094-9C4F-770F1B30BAB9}"
EndProject
Project("{8BC9CEB8-8B4A-11D0-8D11-00A0C91BC942}") = "Logger", "Logger\Logger.vcxproj", "{8329ABB5-13CE-49BB-990F-1F0FA6AB03A6}"
EndProject
Project("{8BC9CEB8-8B4A-11D0-8D11-00A0C91BC942}") = "testLogger", "testLogger\testLogger.vcxproj", "{7F0A371B-0B69-4E8E-B61F-6006BD004FCD}"
EndProject
Global
	GlobalSection(SolutionConfigurationPlatforms) = preSolution
		Debug|Win32 = Debug|Win32
		Debug|x64 = Debug|x64
		Release|Win32 = Release|Win32
		Release|x64 = Release|x64
	EndGlobalSection
	GlobalSection(ProjectConfigurationPlatforms) = postSolution
		{BA1CBD1B-E264-41A2-8308-55C259AE73B4}.Debug|Win32.ActiveCfg = Debug|Win32
		{BA1CBD1B-E264-41A2-8308-55C259AE73B4}.Debug|Win32.Build.0 = Debug|Win32
		{BA1CBD1B-E264-41A2-8308-55C259AE73B4}.Debug|x64.ActiveCfg = Debug|x64
		{BA1CBD1B-E264-41A2-8308-55C259AE73B4}.Debug|x64.Build.0 = Debug|x64
		{BA1CBD1B-E264-41A2-8308-55C259AE73B4}.Release|Win32.ActiveCfg = Release|Win32
		{BA1CBD1B-E264-41A2-8308-55C259AE73B4}.Release|Win32.Build.0 = Release|Win32
		{BA1CBD1B-E264-41A2-8308-55C259AE73B4}.Release|x64.ActiveCfg = Release|x64
		{BA1CBD1B-E264-41A2-8308-55C259AE73B4}.Release|x64.Build.0 = Release|x64
		{2E0BE8E2-16C2-4626-9B03-EE2DACAE4DAF}.Debug|Win32.ActiveCfg = Debug|Win32
		{2E0BE8E2-16C2-4626-9B03-EE2DACAE4DAF}.Debug|Win32.Build.0 = Debug|Win32
		{2E0BE8E2-16C2-4626-9B03-EE2DACAE4DAF}.Debug|x64.ActiveCfg = Debug|x64
		{2E0BE8E2-16C2-4626-9B03-EE2DACAE4DAF}.Debug|x64.Build.0 = Debug|x64
		{2E0BE8E2-16C2-4626-9B03-EE2DACAE4DAF}.Release|Win32.ActiveCfg = Release|Win32
		{2E0BE8E2-16C2-4626-9B03-EE2DACAE4DAF}.Release|Win32.Build.0 = Release|Win32
		{2E0BE8E2-16C2-4626-9B03-EE2DACAE4DAF}.Release|x64.ActiveCfg = Release|x64
		{2E0BE8E2-16C2-4626-9B03-EE2DACAE4DAF}.Release|x64.Build.0 = Release|x64
		{ED133D7A-F5D6-4C97-B636-3D609175E154}.Debug|Win32.ActiveCfg = Debug|Win32
		{ED133D7A-F5D6-4C97-B636-3D609175E154}.Debug|Win32.Build.0 = Debug|Win32
		{ED133D7A-F5D6-4C97-B636-3D609175E154}.Debug|x64.ActiveCfg = Debug|x64
		{ED133D7A-F5D6-4C97-B636-3D609175E154}.Debug|x64.Build.0 = Debug|x64
		{ED133D7A-F5D6-4C97-B636-3D609175E154}.Release|Win32.ActiveCfg = Release|Win32
		{ED133D7A-F5D6-4C97-B636-3D609175E154}.Release|Win32.Build.0 = Release|Win32
		{ED133D7A-F5D6-4C97-B636-3D609175E154}.Release|x64.ActiveCfg = Release|x64
		{ED133D7A-F5D6-4C97-B636-3D609175E154}.Release|x64.Build.0 = Release|x64
		{03284BAF-45D7-41E6-B4E2-37A7FD95D1EC}.Debug|Win32.ActiveCfg = Debug|Win32
		{03284BAF-45D7-41E6-B4E2-37A7FD95D1EC}.Debug|Win32.Build.0 = Debug|Win32
		{03284BAF-45D7-41E6-B4E2-37A7FD95D1EC}.Debug|x64.ActiveCfg = Debug|x64
		{03284BAF-45D7-41E6-B4E2-37A7FD95D1EC}.Debug|x64.Build.0 = Debug|x64
		{03284BAF-45D7-41E6-B4E2-37A7FD95D1EC}.Release|Win32.ActiveCfg = Release|Win32
		{03284BAF-45D7-41E6-B4E2-37A7FD95D1EC}.Release|Win32.Build.0 = Release|Win32
		{03284BAF-45D7-41E6-B4E2-37A7FD95D1EC}.Release|x64.ActiveCfg = Release|x64
		{03284BAF-45D7-41E6-B4E2-37A7FD95D1EC}.Release|x64.Build.0 = Release|x64
		{E16B00B8-5DB8-49FB-B472-55A2E6CAF253}.Debug|Win32.ActiveCfg = Debug|Win32
		{E16B00B8-5DB8-49FB-B472-55A2E6CAF253}.Debug|Win32.Build.0 = Debug|Win32
		{E16B00B8-5DB8-49FB-B472-55A2E6CAF253}.Debug|x64.ActiveCfg = Debug|x64
		{E16B00B8-5DB8-49FB-B472-55A2E6CAF253}.Debug|x64.Build.0 = Debug|x64
		{E16B00B8-5DB8-49FB-B472-55A2E6CAF253}.Release|Win32.ActiveCfg = Release|Win32
		{E16B00B8-5DB8-49FB-B472-55A2E6CAF253}.Release|Win32.Build.0 = Release|Win32
		{E16B00B8-5DB8-49FB-B472-55A2E6CAF253}.Release|x64.ActiveCfg = Release|x64
		{E16B00B8-5DB8-49FB-B472-55A2E6CAF253}.Release|x64.Build.0 = Release|x64
		{7563F1BD-C9C6-4007-8CC0-624ECE0D78A8}.Debug|Win32.ActiveCfg = Debug|Win32
		{7563F1BD-C9C6-4007-8CC0-624ECE0D78A8}.Debug|Win32.Build.0 = Debug|Win32
		{7563F1BD-C9C6-4007-8CC0-624ECE0D78A8}.Debug|x64.ActiveCfg = Debug|x64
		{7563F1BD-C9C6-4007-8CC0-624ECE0D78A8}.Debug|x64.Build.0 = Debug|x64
		{7563F1BD-C9C6-4007-8CC0-624ECE0D78A8}.Release|Win32.ActiveCfg = Release|Win32
		{7563F1BD-C9C6-4007-8CC0-624ECE0D78A8}.Release|Win32.Build.0 = Release|Win32
		{7563F1BD-C9C6-4007-8CC0-624ECE0D78A8}.Release|x64.ActiveCfg = Release|x64
		{7563F1BD-C9C6-4007-8CC0-624ECE0D78A8}.Release|x64.Build.0 = Release|x64
		{93263A3E-7585-49AE-B034-445578D41185}.Debug|Win32.ActiveCfg = Debug|Win32
		{93263A3E-7585-49AE-B034-445578D41185}.Debug|Win32.Build.0 = Debug|Win32
		{93263A3E-7585-49AE-B034-445578D41185}.Debug|x64.ActiveCfg = Debug|x64
		{93263A3E-7585-49AE-B034-445578D41185}.Debug|x64.Build.0 = Debug|x64
		{93263A3E-7585-49AE-B034-445578D41185}.Release|Win32.ActiveCfg = Release|Win32
		{93263A3E-7585-49AE-B034-445578D41185}.Release|Win32.Build.0 = Release|Win32
		{93263A3E-7585-49AE-B034-445578D41185}.Release|x64.ActiveCfg = Release|x64
		{93263A3E-7585-49AE-B034-445578D41185}.Release|x64.Build.0 = Release|x64
		{0D4C38EC-A112-472B-A743-1D37AE1DFE00}.Debug|Win32.ActiveCfg = Debug|Win32
		{0D4C38EC-A112-472B-A743-1D37AE1DFE00}.Debug|Win32.Build.0 = Debug|Win32
		{0D4C38EC-A112-472B-A743-1D37AE1DFE00}.Debug|x64.ActiveCfg = Debug|x64
		{0D4C38EC-A112-472B-A743-1D37AE1DFE00}.Debug|x64.Build.0 = Debug|x64
		{0D4C38EC-A112-472B-A743-1D37AE1DFE00}.Release|Win32.ActiveCfg = Release|Win32
		{0D4C38EC-A112-472B-A743-1D37AE1DFE00}.Release|Win32.Build.0 = Release|Win32
		{0D4C38EC-A112-472B-A743-1D37AE1DFE00}.Release|x64.ActiveCfg = Release|x64
		{0D4C38EC-A112-472B-A743-1D37AE1DFE00}.Release|x64.Build.0 = Release|x64
		{2B348562-DC01-4094-9C4F-770F1B30BAB9}.Debug|Win32.ActiveCfg = Debug|Win32
		{2B348562-DC01-4094-9C4F-770F1B30BAB9}.Debug|Win32.Build.0 = Debug|Win32
		{2B348562-DC01-4094-9C4F-770F1B30BAB9}.Debug|x64.ActiveCfg = Debug|x64
		{2B348562-DC01-4094-9C4F-770F1B30BAB9}.Debug|x64.Build.0 = Debug|x64
		{2B348562-DC01-4094-9C4F-770F1B30BAB9}.Release|Win32.ActiveCfg = Release|Win32
		{2B348562-DC01-4094-9C4F-770F1B30BAB9}.Release|Win32.Build.0 = Release|Win32
		{2B348562-DC01-4094-9C4F-770F1B30BAB9}.Release|x64.ActiveCfg = Release|x64
		{2B348562-DC01-4094-9C4F-770F1B30BAB9}.Release|x64.Build.0 = Release|x64
		{8329ABB5-13CE-49BB-990F-1F0FA6AB03A6}.Debug|Win32.ActiveCfg = Debug|Win32
		{8329ABB5-13CE-49BB-990F-1F0FA6AB03A6}.Debug|Win32.Build.0 = Debug|Win32
		{8329ABB5-13CE-49BB-990F-1F0FA6AB03A6}.Debug|x64.ActiveCfg = Debug|x64
		{8329ABB5-13CE-49BB-990F-1F0FA6AB03A6}.Debug|x64.Build.0 = Debug|x64
		{8329ABB5-13CE-49BB-990F-1F0FA6AB03A6}.Release|Win32.ActiveCfg = Release|Win32
		{8329ABB5-13CE-49BB-990F-1F0FA6AB03A6}.Release|Win32.Build.0 = Release|Win32
		{8329ABB5-13CE-49BB-990F-1F0FA6AB03A6}.Release|x64.ActiveCfg = Release|x64
		{8329ABB5-13CE-49BB-990F-1F0FA6AB03A6}.Release|x64.Build.0 = Release|x64
		{7F0A371B-0B69-4E8E-B61F-6006BD004FCD}.Debug|Win32.ActiveCfg = Debug|Win32
		{7F0A371B-0B69-4E8E-B61F-6006BD004FCD}.Debug|Win32.Build.0 = Debug|Win32
		{7F0A371B-0B69-4E8E-B61F-6006BD004FCD}.Debug|x64.ActiveCfg = Debug|x64
		{7F0A371B-0B69-4E8E-B61F-6006BD004FCD}.Debug|x64.Build.0 = Debug|x64
		{7F0A371B-0B69-4E8E-B61F-6006BD004FCD}.Release|Win32.ActiveCfg = Release|Win32
		{7F0A371B-0B69-4E8E-B61F-6006BD004FCD}.Release|Win32.Build.0 = Release|Win32
		{7F0A371B-0B69-4E8E-B61F-6006BD004FCD}.Release|x64.ActiveCfg = Release|x64
		{7F0A371B-0B69-4E8E-B61F-6006BD004FCD}.Release|x64.Build.0 = Release|x64
	EndGlobalSection
	GlobalSection(SolutionProperties) = preSolution
		HideSolutionNode = FALSE
	EndGlobalSection
	GlobalSection(ExtensibilityGlobals) = postSolution
		SolutionGuid = {68BF61B5-0D15-4FB6-B965-B228255BAB7E}
	EndGlobalSection
EndGlobal
