Microsoft Visual Studio Solution File, Format Version 11.00
# Visual Studio 2010
Project("{8BC9CEB8-8B4A-11D0-8D11-00A0C91BC942}") = "ALL_BUILD", "ALL_BUILD.vcxproj", "{39C1C737-4BAA-3AEB-9ACA-D3D357F6710F}"
	ProjectSection(ProjectDependencies) = postProject
		{E65F127B-6A8A-391D-9191-3FE9CC3BC5B9} = {E65F127B-6A8A-391D-9191-3FE9CC3BC5B9}
		{17797FD8-EF0C-3ED4-8F95-C805CB3A1CBE} = {17797FD8-EF0C-3ED4-8F95-C805CB3A1CBE}
		{C20DA78F-080E-3232-A586-714B8903A263} = {C20DA78F-080E-3232-A586-714B8903A263}
		{BFB0021F-D77F-3BAE-B522-876FB511DE2B} = {BFB0021F-D77F-3BAE-B522-876FB511DE2B}
		{8A210B32-AC05-34B5-BC42-C4A722197B40} = {8A210B32-AC05-34B5-BC42-C4A722197B40}
		{F3D7AC85-078B-393F-A101-35E6AB0A08D0} = {F3D7AC85-078B-393F-A101-35E6AB0A08D0}
		{4190C2F9-8B3E-319C-B765-3A8B5BD1C869} = {4190C2F9-8B3E-319C-B765-3A8B5BD1C869}
		{BB4809BF-50FE-39B4-AD06-0A9E8BD32081} = {BB4809BF-50FE-39B4-AD06-0A9E8BD32081}
		{362FEFED-FAF7-3178-905D-B131490C2A8D} = {362FEFED-FAF7-3178-905D-B131490C2A8D}
		{66C5F5E4-3FB5-3933-A27D-1E57BA89DA49} = {66C5F5E4-3FB5-3933-A27D-1E57BA89DA49}
		{1C6B10AD-F27D-34AD-AB6E-ADE2CE5A16E2} = {1C6B10AD-F27D-34AD-AB6E-ADE2CE5A16E2}
		{431A05D0-59B1-368B-A5C8-970899AA2209} = {431A05D0-59B1-368B-A5C8-970899AA2209}
		{EFFE3D90-7E84-3098-BACF-FA9BBA74EA3E} = {EFFE3D90-7E84-3098-BACF-FA9BBA74EA3E}
		{79081B19-C6A5-3C69-AD1A-F4D7CFEB34BB} = {79081B19-C6A5-3C69-AD1A-F4D7CFEB34BB}
		{28BDB359-DD1D-39B2-A44D-926AD9F7E0E8} = {28BDB359-DD1D-39B2-A44D-926AD9F7E0E8}
		{D1B46034-4CB9-310C-A81C-7CEDC6C47FFF} = {D1B46034-4CB9-310C-A81C-7CEDC6C47FFF}
		{92119B65-6517-3CA3-9C69-365F389B38B1} = {92119B65-6517-3CA3-9C69-365F389B38B1}
		{F4F567AF-F03F-3C7A-A71D-0BD25440FA5B} = {F4F567AF-F03F-3C7A-A71D-0BD25440FA5B}
		{7553E035-A00B-3C09-9751-20EE1D19756F} = {7553E035-A00B-3C09-9751-20EE1D19756F}
		{DDBC4ADC-7136-3EFE-B242-2558E9877F00} = {DDBC4ADC-7136-3EFE-B242-2558E9877F00}
		{C7DC7AF7-8CD4-3972-9A7D-E9CF07F88E9A} = {C7DC7AF7-8CD4-3972-9A7D-E9CF07F88E9A}
	EndProjectSection
EndProject
Project("{8BC9CEB8-8B4A-11D0-8D11-00A0C91BC942}") = "AntTweakBarStatic", "external\AntTweakBar\AntTweakBarStatic.vcxproj", "{E65F127B-6A8A-391D-9191-3FE9CC3BC5B9}"
	ProjectSection(ProjectDependencies) = postProject
		{D1B46034-4CB9-310C-A81C-7CEDC6C47FFF} = {D1B46034-4CB9-310C-A81C-7CEDC6C47FFF}
	EndProjectSection
EndProject
Project("{8BC9CEB8-8B4A-11D0-8D11-00A0C91BC942}") = "FractalFlames", "FractalFlames\FractalFlames.vcxproj", "{17797FD8-EF0C-3ED4-8F95-C805CB3A1CBE}"
	ProjectSection(ProjectDependencies) = postProject
		{E65F127B-6A8A-391D-9191-3FE9CC3BC5B9} = {E65F127B-6A8A-391D-9191-3FE9CC3BC5B9}
		{D1B46034-4CB9-310C-A81C-7CEDC6C47FFF} = {D1B46034-4CB9-310C-A81C-7CEDC6C47FFF}
		{92119B65-6517-3CA3-9C69-365F389B38B1} = {92119B65-6517-3CA3-9C69-365F389B38B1}
		{7553E035-A00B-3C09-9751-20EE1D19756F} = {7553E035-A00B-3C09-9751-20EE1D19756F}
	EndProjectSection
EndProject
Project("{8BC9CEB8-8B4A-11D0-8D11-00A0C91BC942}") = "GshShell", "GshShell\GshShell.vcxproj", "{C20DA78F-080E-3232-A586-714B8903A263}"
	ProjectSection(ProjectDependencies) = postProject
		{E65F127B-6A8A-391D-9191-3FE9CC3BC5B9} = {E65F127B-6A8A-391D-9191-3FE9CC3BC5B9}
		{D1B46034-4CB9-310C-A81C-7CEDC6C47FFF} = {D1B46034-4CB9-310C-A81C-7CEDC6C47FFF}
		{92119B65-6517-3CA3-9C69-365F389B38B1} = {92119B65-6517-3CA3-9C69-365F389B38B1}
		{7553E035-A00B-3C09-9751-20EE1D19756F} = {7553E035-A00B-3C09-9751-20EE1D19756F}
	EndProjectSection
EndProject
Project("{8BC9CEB8-8B4A-11D0-8D11-00A0C91BC942}") = "JuliaSets", "JuliaSets\JuliaSets.vcxproj", "{BFB0021F-D77F-3BAE-B522-876FB511DE2B}"
	ProjectSection(ProjectDependencies) = postProject
		{E65F127B-6A8A-391D-9191-3FE9CC3BC5B9} = {E65F127B-6A8A-391D-9191-3FE9CC3BC5B9}
		{D1B46034-4CB9-310C-A81C-7CEDC6C47FFF} = {D1B46034-4CB9-310C-A81C-7CEDC6C47FFF}
		{92119B65-6517-3CA3-9C69-365F389B38B1} = {92119B65-6517-3CA3-9C69-365F389B38B1}
		{7553E035-A00B-3C09-9751-20EE1D19756F} = {7553E035-A00B-3C09-9751-20EE1D19756F}
	EndProjectSection
EndProject
Project("{8BC9CEB8-8B4A-11D0-8D11-00A0C91BC942}") = "Mandelbrot", "Mandelbrot\Mandelbrot.vcxproj", "{8A210B32-AC05-34B5-BC42-C4A722197B40}"
	ProjectSection(ProjectDependencies) = postProject
		{E65F127B-6A8A-391D-9191-3FE9CC3BC5B9} = {E65F127B-6A8A-391D-9191-3FE9CC3BC5B9}
		{D1B46034-4CB9-310C-A81C-7CEDC6C47FFF} = {D1B46034-4CB9-310C-A81C-7CEDC6C47FFF}
		{92119B65-6517-3CA3-9C69-365F389B38B1} = {92119B65-6517-3CA3-9C69-365F389B38B1}
		{7553E035-A00B-3C09-9751-20EE1D19756F} = {7553E035-A00B-3C09-9751-20EE1D19756F}
	EndProjectSection
EndProject
Project("{8BC9CEB8-8B4A-11D0-8D11-00A0C91BC942}") = "Monkey", "Monkey\Monkey.vcxproj", "{F3D7AC85-078B-393F-A101-35E6AB0A08D0}"
	ProjectSection(ProjectDependencies) = postProject
		{E65F127B-6A8A-391D-9191-3FE9CC3BC5B9} = {E65F127B-6A8A-391D-9191-3FE9CC3BC5B9}
		{D1B46034-4CB9-310C-A81C-7CEDC6C47FFF} = {D1B46034-4CB9-310C-A81C-7CEDC6C47FFF}
		{92119B65-6517-3CA3-9C69-365F389B38B1} = {92119B65-6517-3CA3-9C69-365F389B38B1}
		{7553E035-A00B-3C09-9751-20EE1D19756F} = {7553E035-A00B-3C09-9751-20EE1D19756F}
	EndProjectSection
EndProject
Project("{8BC9CEB8-8B4A-11D0-8D11-00A0C91BC942}") = "MultiWindow", "MultiWindow\MultiWindow.vcxproj", "{4190C2F9-8B3E-319C-B765-3A8B5BD1C869}"
	ProjectSection(ProjectDependencies) = postProject
		{E65F127B-6A8A-391D-9191-3FE9CC3BC5B9} = {E65F127B-6A8A-391D-9191-3FE9CC3BC5B9}
		{D1B46034-4CB9-310C-A81C-7CEDC6C47FFF} = {D1B46034-4CB9-310C-A81C-7CEDC6C47FFF}
		{92119B65-6517-3CA3-9C69-365F389B38B1} = {92119B65-6517-3CA3-9C69-365F389B38B1}
		{7553E035-A00B-3C09-9751-20EE1D19756F} = {7553E035-A00B-3C09-9751-20EE1D19756F}
	EndProjectSection
EndProject
Project("{8BC9CEB8-8B4A-11D0-8D11-00A0C91BC942}") = "QJuliaSets", "QJuliaSets\QJuliaSets.vcxproj", "{BB4809BF-50FE-39B4-AD06-0A9E8BD32081}"
	ProjectSection(ProjectDependencies) = postProject
		{E65F127B-6A8A-391D-9191-3FE9CC3BC5B9} = {E65F127B-6A8A-391D-9191-3FE9CC3BC5B9}
		{D1B46034-4CB9-310C-A81C-7CEDC6C47FFF} = {D1B46034-4CB9-310C-A81C-7CEDC6C47FFF}
		{92119B65-6517-3CA3-9C69-365F389B38B1} = {92119B65-6517-3CA3-9C69-365F389B38B1}
		{7553E035-A00B-3C09-9751-20EE1D19756F} = {7553E035-A00B-3C09-9751-20EE1D19756F}
	EndProjectSection
EndProject
Project("{8BC9CEB8-8B4A-11D0-8D11-00A0C91BC942}") = "RaytracerCPU", "RaytracerCPU\RaytracerCPU.vcxproj", "{362FEFED-FAF7-3178-905D-B131490C2A8D}"
	ProjectSection(ProjectDependencies) = postProject
		{E65F127B-6A8A-391D-9191-3FE9CC3BC5B9} = {E65F127B-6A8A-391D-9191-3FE9CC3BC5B9}
		{D1B46034-4CB9-310C-A81C-7CEDC6C47FFF} = {D1B46034-4CB9-310C-A81C-7CEDC6C47FFF}
		{92119B65-6517-3CA3-9C69-365F389B38B1} = {92119B65-6517-3CA3-9C69-365F389B38B1}
		{7553E035-A00B-3C09-9751-20EE1D19756F} = {7553E035-A00B-3C09-9751-20EE1D19756F}
	EndProjectSection
EndProject
Project("{8BC9CEB8-8B4A-11D0-8D11-00A0C91BC942}") = "RaytracerGPU", "RaytracerGPU\RaytracerGPU.vcxproj", "{66C5F5E4-3FB5-3933-A27D-1E57BA89DA49}"
	ProjectSection(ProjectDependencies) = postProject
		{E65F127B-6A8A-391D-9191-3FE9CC3BC5B9} = {E65F127B-6A8A-391D-9191-3FE9CC3BC5B9}
		{D1B46034-4CB9-310C-A81C-7CEDC6C47FFF} = {D1B46034-4CB9-310C-A81C-7CEDC6C47FFF}
		{92119B65-6517-3CA3-9C69-365F389B38B1} = {92119B65-6517-3CA3-9C69-365F389B38B1}
		{7553E035-A00B-3C09-9751-20EE1D19756F} = {7553E035-A00B-3C09-9751-20EE1D19756F}
	EndProjectSection
EndProject
Project("{8BC9CEB8-8B4A-11D0-8D11-00A0C91BC942}") = "ShaderEffects", "ShaderEffects\ShaderEffects.vcxproj", "{1C6B10AD-F27D-34AD-AB6E-ADE2CE5A16E2}"
	ProjectSection(ProjectDependencies) = postProject
		{E65F127B-6A8A-391D-9191-3FE9CC3BC5B9} = {E65F127B-6A8A-391D-9191-3FE9CC3BC5B9}
		{D1B46034-4CB9-310C-A81C-7CEDC6C47FFF} = {D1B46034-4CB9-310C-A81C-7CEDC6C47FFF}
		{92119B65-6517-3CA3-9C69-365F389B38B1} = {92119B65-6517-3CA3-9C69-365F389B38B1}
		{7553E035-A00B-3C09-9751-20EE1D19756F} = {7553E035-A00B-3C09-9751-20EE1D19756F}
	EndProjectSection
EndProject
Project("{8BC9CEB8-8B4A-11D0-8D11-00A0C91BC942}") = "ShadowMapping", "ShadowMapping\ShadowMapping.vcxproj", "{431A05D0-59B1-368B-A5C8-970899AA2209}"
	ProjectSection(ProjectDependencies) = postProject
		{E65F127B-6A8A-391D-9191-3FE9CC3BC5B9} = {E65F127B-6A8A-391D-9191-3FE9CC3BC5B9}
		{D1B46034-4CB9-310C-A81C-7CEDC6C47FFF} = {D1B46034-4CB9-310C-A81C-7CEDC6C47FFF}
		{92119B65-6517-3CA3-9C69-365F389B38B1} = {92119B65-6517-3CA3-9C69-365F389B38B1}
		{7553E035-A00B-3C09-9751-20EE1D19756F} = {7553E035-A00B-3C09-9751-20EE1D19756F}
	EndProjectSection
EndProject
Project("{8BC9CEB8-8B4A-11D0-8D11-00A0C91BC942}") = "Spectogram", "Spectogram\Spectogram.vcxproj", "{EFFE3D90-7E84-3098-BACF-FA9BBA74EA3E}"
	ProjectSection(ProjectDependencies) = postProject
		{E65F127B-6A8A-391D-9191-3FE9CC3BC5B9} = {E65F127B-6A8A-391D-9191-3FE9CC3BC5B9}
		{D1B46034-4CB9-310C-A81C-7CEDC6C47FFF} = {D1B46034-4CB9-310C-A81C-7CEDC6C47FFF}
		{92119B65-6517-3CA3-9C69-365F389B38B1} = {92119B65-6517-3CA3-9C69-365F389B38B1}
		{F4F567AF-F03F-3C7A-A71D-0BD25440FA5B} = {F4F567AF-F03F-3C7A-A71D-0BD25440FA5B}
		{7553E035-A00B-3C09-9751-20EE1D19756F} = {7553E035-A00B-3C09-9751-20EE1D19756F}
		{DDBC4ADC-7136-3EFE-B242-2558E9877F00} = {DDBC4ADC-7136-3EFE-B242-2558E9877F00}
		{C7DC7AF7-8CD4-3972-9A7D-E9CF07F88E9A} = {C7DC7AF7-8CD4-3972-9A7D-E9CF07F88E9A}
	EndProjectSection
EndProject
Project("{8BC9CEB8-8B4A-11D0-8D11-00A0C91BC942}") = "Triangle", "Triangle\Triangle.vcxproj", "{79081B19-C6A5-3C69-AD1A-F4D7CFEB34BB}"
	ProjectSection(ProjectDependencies) = postProject
		{E65F127B-6A8A-391D-9191-3FE9CC3BC5B9} = {E65F127B-6A8A-391D-9191-3FE9CC3BC5B9}
		{D1B46034-4CB9-310C-A81C-7CEDC6C47FFF} = {D1B46034-4CB9-310C-A81C-7CEDC6C47FFF}
		{92119B65-6517-3CA3-9C69-365F389B38B1} = {92119B65-6517-3CA3-9C69-365F389B38B1}
		{7553E035-A00B-3C09-9751-20EE1D19756F} = {7553E035-A00B-3C09-9751-20EE1D19756F}
	EndProjectSection
EndProject
Project("{8BC9CEB8-8B4A-11D0-8D11-00A0C91BC942}") = "VolumetricRayCasting", "VolumetricRayCasting\VolumetricRayCasting.vcxproj", "{28BDB359-DD1D-39B2-A44D-926AD9F7E0E8}"
	ProjectSection(ProjectDependencies) = postProject
		{E65F127B-6A8A-391D-9191-3FE9CC3BC5B9} = {E65F127B-6A8A-391D-9191-3FE9CC3BC5B9}
		{D1B46034-4CB9-310C-A81C-7CEDC6C47FFF} = {D1B46034-4CB9-310C-A81C-7CEDC6C47FFF}
		{92119B65-6517-3CA3-9C69-365F389B38B1} = {92119B65-6517-3CA3-9C69-365F389B38B1}
		{7553E035-A00B-3C09-9751-20EE1D19756F} = {7553E035-A00B-3C09-9751-20EE1D19756F}
	EndProjectSection
EndProject
Project("{8BC9CEB8-8B4A-11D0-8D11-00A0C91BC942}") = "ZERO_CHECK", "ZERO_CHECK.vcxproj", "{D1B46034-4CB9-310C-A81C-7CEDC6C47FFF}"
	ProjectSection(ProjectDependencies) = postProject
	EndProjectSection
EndProject
Project("{8BC9CEB8-8B4A-11D0-8D11-00A0C91BC942}") = "common", "common\common.vcxproj", "{92119B65-6517-3CA3-9C69-365F389B38B1}"
	ProjectSection(ProjectDependencies) = postProject
		{E65F127B-6A8A-391D-9191-3FE9CC3BC5B9} = {E65F127B-6A8A-391D-9191-3FE9CC3BC5B9}
		{D1B46034-4CB9-310C-A81C-7CEDC6C47FFF} = {D1B46034-4CB9-310C-A81C-7CEDC6C47FFF}
		{7553E035-A00B-3C09-9751-20EE1D19756F} = {7553E035-A00B-3C09-9751-20EE1D19756F}
	EndProjectSection
EndProject
Project("{8BC9CEB8-8B4A-11D0-8D11-00A0C91BC942}") = "ogg", "external\libogg\ogg.vcxproj", "{F4F567AF-F03F-3C7A-A71D-0BD25440FA5B}"
	ProjectSection(ProjectDependencies) = postProject
		{D1B46034-4CB9-310C-A81C-7CEDC6C47FFF} = {D1B46034-4CB9-310C-A81C-7CEDC6C47FFF}
	EndProjectSection
EndProject
Project("{8BC9CEB8-8B4A-11D0-8D11-00A0C91BC942}") = "stbi", "external\stbi\stbi.vcxproj", "{7553E035-A00B-3C09-9751-20EE1D19756F}"
	ProjectSection(ProjectDependencies) = postProject
		{D1B46034-4CB9-310C-A81C-7CEDC6C47FFF} = {D1B46034-4CB9-310C-A81C-7CEDC6C47FFF}
	EndProjectSection
EndProject
Project("{8BC9CEB8-8B4A-11D0-8D11-00A0C91BC942}") = "vorbis", "external\libvorbis\vorbis.vcxproj", "{DDBC4ADC-7136-3EFE-B242-2558E9877F00}"
	ProjectSection(ProjectDependencies) = postProject
		{D1B46034-4CB9-310C-A81C-7CEDC6C47FFF} = {D1B46034-4CB9-310C-A81C-7CEDC6C47FFF}
	EndProjectSection
EndProject
Project("{8BC9CEB8-8B4A-11D0-8D11-00A0C91BC942}") = "vorbisfile", "external\libvorbis\vorbisfile.vcxproj", "{C7DC7AF7-8CD4-3972-9A7D-E9CF07F88E9A}"
	ProjectSection(ProjectDependencies) = postProject
		{D1B46034-4CB9-310C-A81C-7CEDC6C47FFF} = {D1B46034-4CB9-310C-A81C-7CEDC6C47FFF}
	EndProjectSection
EndProject
Global
	GlobalSection(SolutionConfigurationPlatforms) = preSolution
		Debug|Win32 = Debug|Win32
		Release|Win32 = Release|Win32
		MinSizeRel|Win32 = MinSizeRel|Win32
		RelWithDebInfo|Win32 = RelWithDebInfo|Win32
	EndGlobalSection
	GlobalSection(ProjectConfigurationPlatforms) = postSolution
		{39C1C737-4BAA-3AEB-9ACA-D3D357F6710F}.Debug|Win32.ActiveCfg = Debug|Win32
		{39C1C737-4BAA-3AEB-9ACA-D3D357F6710F}.Release|Win32.ActiveCfg = Release|Win32
		{39C1C737-4BAA-3AEB-9ACA-D3D357F6710F}.MinSizeRel|Win32.ActiveCfg = MinSizeRel|Win32
		{39C1C737-4BAA-3AEB-9ACA-D3D357F6710F}.RelWithDebInfo|Win32.ActiveCfg = RelWithDebInfo|Win32
		{E65F127B-6A8A-391D-9191-3FE9CC3BC5B9}.Debug|Win32.ActiveCfg = Debug|Win32
		{E65F127B-6A8A-391D-9191-3FE9CC3BC5B9}.Debug|Win32.Build.0 = Debug|Win32
		{E65F127B-6A8A-391D-9191-3FE9CC3BC5B9}.Release|Win32.ActiveCfg = Release|Win32
		{E65F127B-6A8A-391D-9191-3FE9CC3BC5B9}.Release|Win32.Build.0 = Release|Win32
		{E65F127B-6A8A-391D-9191-3FE9CC3BC5B9}.MinSizeRel|Win32.ActiveCfg = MinSizeRel|Win32
		{E65F127B-6A8A-391D-9191-3FE9CC3BC5B9}.MinSizeRel|Win32.Build.0 = MinSizeRel|Win32
		{E65F127B-6A8A-391D-9191-3FE9CC3BC5B9}.RelWithDebInfo|Win32.ActiveCfg = RelWithDebInfo|Win32
		{E65F127B-6A8A-391D-9191-3FE9CC3BC5B9}.RelWithDebInfo|Win32.Build.0 = RelWithDebInfo|Win32
		{17797FD8-EF0C-3ED4-8F95-C805CB3A1CBE}.Debug|Win32.ActiveCfg = Debug|Win32
		{17797FD8-EF0C-3ED4-8F95-C805CB3A1CBE}.Debug|Win32.Build.0 = Debug|Win32
		{17797FD8-EF0C-3ED4-8F95-C805CB3A1CBE}.Release|Win32.ActiveCfg = Release|Win32
		{17797FD8-EF0C-3ED4-8F95-C805CB3A1CBE}.Release|Win32.Build.0 = Release|Win32
		{17797FD8-EF0C-3ED4-8F95-C805CB3A1CBE}.MinSizeRel|Win32.ActiveCfg = MinSizeRel|Win32
		{17797FD8-EF0C-3ED4-8F95-C805CB3A1CBE}.MinSizeRel|Win32.Build.0 = MinSizeRel|Win32
		{17797FD8-EF0C-3ED4-8F95-C805CB3A1CBE}.RelWithDebInfo|Win32.ActiveCfg = RelWithDebInfo|Win32
		{17797FD8-EF0C-3ED4-8F95-C805CB3A1CBE}.RelWithDebInfo|Win32.Build.0 = RelWithDebInfo|Win32
		{C20DA78F-080E-3232-A586-714B8903A263}.Debug|Win32.ActiveCfg = Debug|Win32
		{C20DA78F-080E-3232-A586-714B8903A263}.Debug|Win32.Build.0 = Debug|Win32
		{C20DA78F-080E-3232-A586-714B8903A263}.Release|Win32.ActiveCfg = Release|Win32
		{C20DA78F-080E-3232-A586-714B8903A263}.Release|Win32.Build.0 = Release|Win32
		{C20DA78F-080E-3232-A586-714B8903A263}.MinSizeRel|Win32.ActiveCfg = MinSizeRel|Win32
		{C20DA78F-080E-3232-A586-714B8903A263}.MinSizeRel|Win32.Build.0 = MinSizeRel|Win32
		{C20DA78F-080E-3232-A586-714B8903A263}.RelWithDebInfo|Win32.ActiveCfg = RelWithDebInfo|Win32
		{C20DA78F-080E-3232-A586-714B8903A263}.RelWithDebInfo|Win32.Build.0 = RelWithDebInfo|Win32
		{BFB0021F-D77F-3BAE-B522-876FB511DE2B}.Debug|Win32.ActiveCfg = Debug|Win32
		{BFB0021F-D77F-3BAE-B522-876FB511DE2B}.Debug|Win32.Build.0 = Debug|Win32
		{BFB0021F-D77F-3BAE-B522-876FB511DE2B}.Release|Win32.ActiveCfg = Release|Win32
		{BFB0021F-D77F-3BAE-B522-876FB511DE2B}.Release|Win32.Build.0 = Release|Win32
		{BFB0021F-D77F-3BAE-B522-876FB511DE2B}.MinSizeRel|Win32.ActiveCfg = MinSizeRel|Win32
		{BFB0021F-D77F-3BAE-B522-876FB511DE2B}.MinSizeRel|Win32.Build.0 = MinSizeRel|Win32
		{BFB0021F-D77F-3BAE-B522-876FB511DE2B}.RelWithDebInfo|Win32.ActiveCfg = RelWithDebInfo|Win32
		{BFB0021F-D77F-3BAE-B522-876FB511DE2B}.RelWithDebInfo|Win32.Build.0 = RelWithDebInfo|Win32
		{8A210B32-AC05-34B5-BC42-C4A722197B40}.Debug|Win32.ActiveCfg = Debug|Win32
		{8A210B32-AC05-34B5-BC42-C4A722197B40}.Debug|Win32.Build.0 = Debug|Win32
		{8A210B32-AC05-34B5-BC42-C4A722197B40}.Release|Win32.ActiveCfg = Release|Win32
		{8A210B32-AC05-34B5-BC42-C4A722197B40}.Release|Win32.Build.0 = Release|Win32
		{8A210B32-AC05-34B5-BC42-C4A722197B40}.MinSizeRel|Win32.ActiveCfg = MinSizeRel|Win32
		{8A210B32-AC05-34B5-BC42-C4A722197B40}.MinSizeRel|Win32.Build.0 = MinSizeRel|Win32
		{8A210B32-AC05-34B5-BC42-C4A722197B40}.RelWithDebInfo|Win32.ActiveCfg = RelWithDebInfo|Win32
		{8A210B32-AC05-34B5-BC42-C4A722197B40}.RelWithDebInfo|Win32.Build.0 = RelWithDebInfo|Win32
		{F3D7AC85-078B-393F-A101-35E6AB0A08D0}.Debug|Win32.ActiveCfg = Debug|Win32
		{F3D7AC85-078B-393F-A101-35E6AB0A08D0}.Debug|Win32.Build.0 = Debug|Win32
		{F3D7AC85-078B-393F-A101-35E6AB0A08D0}.Release|Win32.ActiveCfg = Release|Win32
		{F3D7AC85-078B-393F-A101-35E6AB0A08D0}.Release|Win32.Build.0 = Release|Win32
		{F3D7AC85-078B-393F-A101-35E6AB0A08D0}.MinSizeRel|Win32.ActiveCfg = MinSizeRel|Win32
		{F3D7AC85-078B-393F-A101-35E6AB0A08D0}.MinSizeRel|Win32.Build.0 = MinSizeRel|Win32
		{F3D7AC85-078B-393F-A101-35E6AB0A08D0}.RelWithDebInfo|Win32.ActiveCfg = RelWithDebInfo|Win32
		{F3D7AC85-078B-393F-A101-35E6AB0A08D0}.RelWithDebInfo|Win32.Build.0 = RelWithDebInfo|Win32
		{4190C2F9-8B3E-319C-B765-3A8B5BD1C869}.Debug|Win32.ActiveCfg = Debug|Win32
		{4190C2F9-8B3E-319C-B765-3A8B5BD1C869}.Debug|Win32.Build.0 = Debug|Win32
		{4190C2F9-8B3E-319C-B765-3A8B5BD1C869}.Release|Win32.ActiveCfg = Release|Win32
		{4190C2F9-8B3E-319C-B765-3A8B5BD1C869}.Release|Win32.Build.0 = Release|Win32
		{4190C2F9-8B3E-319C-B765-3A8B5BD1C869}.MinSizeRel|Win32.ActiveCfg = MinSizeRel|Win32
		{4190C2F9-8B3E-319C-B765-3A8B5BD1C869}.MinSizeRel|Win32.Build.0 = MinSizeRel|Win32
		{4190C2F9-8B3E-319C-B765-3A8B5BD1C869}.RelWithDebInfo|Win32.ActiveCfg = RelWithDebInfo|Win32
		{4190C2F9-8B3E-319C-B765-3A8B5BD1C869}.RelWithDebInfo|Win32.Build.0 = RelWithDebInfo|Win32
		{BB4809BF-50FE-39B4-AD06-0A9E8BD32081}.Debug|Win32.ActiveCfg = Debug|Win32
		{BB4809BF-50FE-39B4-AD06-0A9E8BD32081}.Debug|Win32.Build.0 = Debug|Win32
		{BB4809BF-50FE-39B4-AD06-0A9E8BD32081}.Release|Win32.ActiveCfg = Release|Win32
		{BB4809BF-50FE-39B4-AD06-0A9E8BD32081}.Release|Win32.Build.0 = Release|Win32
		{BB4809BF-50FE-39B4-AD06-0A9E8BD32081}.MinSizeRel|Win32.ActiveCfg = MinSizeRel|Win32
		{BB4809BF-50FE-39B4-AD06-0A9E8BD32081}.MinSizeRel|Win32.Build.0 = MinSizeRel|Win32
		{BB4809BF-50FE-39B4-AD06-0A9E8BD32081}.RelWithDebInfo|Win32.ActiveCfg = RelWithDebInfo|Win32
		{BB4809BF-50FE-39B4-AD06-0A9E8BD32081}.RelWithDebInfo|Win32.Build.0 = RelWithDebInfo|Win32
		{362FEFED-FAF7-3178-905D-B131490C2A8D}.Debug|Win32.ActiveCfg = Debug|Win32
		{362FEFED-FAF7-3178-905D-B131490C2A8D}.Debug|Win32.Build.0 = Debug|Win32
		{362FEFED-FAF7-3178-905D-B131490C2A8D}.Release|Win32.ActiveCfg = Release|Win32
		{362FEFED-FAF7-3178-905D-B131490C2A8D}.Release|Win32.Build.0 = Release|Win32
		{362FEFED-FAF7-3178-905D-B131490C2A8D}.MinSizeRel|Win32.ActiveCfg = MinSizeRel|Win32
		{362FEFED-FAF7-3178-905D-B131490C2A8D}.MinSizeRel|Win32.Build.0 = MinSizeRel|Win32
		{362FEFED-FAF7-3178-905D-B131490C2A8D}.RelWithDebInfo|Win32.ActiveCfg = RelWithDebInfo|Win32
		{362FEFED-FAF7-3178-905D-B131490C2A8D}.RelWithDebInfo|Win32.Build.0 = RelWithDebInfo|Win32
		{66C5F5E4-3FB5-3933-A27D-1E57BA89DA49}.Debug|Win32.ActiveCfg = Debug|Win32
		{66C5F5E4-3FB5-3933-A27D-1E57BA89DA49}.Debug|Win32.Build.0 = Debug|Win32
		{66C5F5E4-3FB5-3933-A27D-1E57BA89DA49}.Release|Win32.ActiveCfg = Release|Win32
		{66C5F5E4-3FB5-3933-A27D-1E57BA89DA49}.Release|Win32.Build.0 = Release|Win32
		{66C5F5E4-3FB5-3933-A27D-1E57BA89DA49}.MinSizeRel|Win32.ActiveCfg = MinSizeRel|Win32
		{66C5F5E4-3FB5-3933-A27D-1E57BA89DA49}.MinSizeRel|Win32.Build.0 = MinSizeRel|Win32
		{66C5F5E4-3FB5-3933-A27D-1E57BA89DA49}.RelWithDebInfo|Win32.ActiveCfg = RelWithDebInfo|Win32
		{66C5F5E4-3FB5-3933-A27D-1E57BA89DA49}.RelWithDebInfo|Win32.Build.0 = RelWithDebInfo|Win32
		{1C6B10AD-F27D-34AD-AB6E-ADE2CE5A16E2}.Debug|Win32.ActiveCfg = Debug|Win32
		{1C6B10AD-F27D-34AD-AB6E-ADE2CE5A16E2}.Debug|Win32.Build.0 = Debug|Win32
		{1C6B10AD-F27D-34AD-AB6E-ADE2CE5A16E2}.Release|Win32.ActiveCfg = Release|Win32
		{1C6B10AD-F27D-34AD-AB6E-ADE2CE5A16E2}.Release|Win32.Build.0 = Release|Win32
		{1C6B10AD-F27D-34AD-AB6E-ADE2CE5A16E2}.MinSizeRel|Win32.ActiveCfg = MinSizeRel|Win32
		{1C6B10AD-F27D-34AD-AB6E-ADE2CE5A16E2}.MinSizeRel|Win32.Build.0 = MinSizeRel|Win32
		{1C6B10AD-F27D-34AD-AB6E-ADE2CE5A16E2}.RelWithDebInfo|Win32.ActiveCfg = RelWithDebInfo|Win32
		{1C6B10AD-F27D-34AD-AB6E-ADE2CE5A16E2}.RelWithDebInfo|Win32.Build.0 = RelWithDebInfo|Win32
		{431A05D0-59B1-368B-A5C8-970899AA2209}.Debug|Win32.ActiveCfg = Debug|Win32
		{431A05D0-59B1-368B-A5C8-970899AA2209}.Debug|Win32.Build.0 = Debug|Win32
		{431A05D0-59B1-368B-A5C8-970899AA2209}.Release|Win32.ActiveCfg = Release|Win32
		{431A05D0-59B1-368B-A5C8-970899AA2209}.Release|Win32.Build.0 = Release|Win32
		{431A05D0-59B1-368B-A5C8-970899AA2209}.MinSizeRel|Win32.ActiveCfg = MinSizeRel|Win32
		{431A05D0-59B1-368B-A5C8-970899AA2209}.MinSizeRel|Win32.Build.0 = MinSizeRel|Win32
		{431A05D0-59B1-368B-A5C8-970899AA2209}.RelWithDebInfo|Win32.ActiveCfg = RelWithDebInfo|Win32
		{431A05D0-59B1-368B-A5C8-970899AA2209}.RelWithDebInfo|Win32.Build.0 = RelWithDebInfo|Win32
		{EFFE3D90-7E84-3098-BACF-FA9BBA74EA3E}.Debug|Win32.ActiveCfg = Debug|Win32
		{EFFE3D90-7E84-3098-BACF-FA9BBA74EA3E}.Debug|Win32.Build.0 = Debug|Win32
		{EFFE3D90-7E84-3098-BACF-FA9BBA74EA3E}.Release|Win32.ActiveCfg = Release|Win32
		{EFFE3D90-7E84-3098-BACF-FA9BBA74EA3E}.Release|Win32.Build.0 = Release|Win32
		{EFFE3D90-7E84-3098-BACF-FA9BBA74EA3E}.MinSizeRel|Win32.ActiveCfg = MinSizeRel|Win32
		{EFFE3D90-7E84-3098-BACF-FA9BBA74EA3E}.MinSizeRel|Win32.Build.0 = MinSizeRel|Win32
		{EFFE3D90-7E84-3098-BACF-FA9BBA74EA3E}.RelWithDebInfo|Win32.ActiveCfg = RelWithDebInfo|Win32
		{EFFE3D90-7E84-3098-BACF-FA9BBA74EA3E}.RelWithDebInfo|Win32.Build.0 = RelWithDebInfo|Win32
		{79081B19-C6A5-3C69-AD1A-F4D7CFEB34BB}.Debug|Win32.ActiveCfg = Debug|Win32
		{79081B19-C6A5-3C69-AD1A-F4D7CFEB34BB}.Debug|Win32.Build.0 = Debug|Win32
		{79081B19-C6A5-3C69-AD1A-F4D7CFEB34BB}.Release|Win32.ActiveCfg = Release|Win32
		{79081B19-C6A5-3C69-AD1A-F4D7CFEB34BB}.Release|Win32.Build.0 = Release|Win32
		{79081B19-C6A5-3C69-AD1A-F4D7CFEB34BB}.MinSizeRel|Win32.ActiveCfg = MinSizeRel|Win32
		{79081B19-C6A5-3C69-AD1A-F4D7CFEB34BB}.MinSizeRel|Win32.Build.0 = MinSizeRel|Win32
		{79081B19-C6A5-3C69-AD1A-F4D7CFEB34BB}.RelWithDebInfo|Win32.ActiveCfg = RelWithDebInfo|Win32
		{79081B19-C6A5-3C69-AD1A-F4D7CFEB34BB}.RelWithDebInfo|Win32.Build.0 = RelWithDebInfo|Win32
		{28BDB359-DD1D-39B2-A44D-926AD9F7E0E8}.Debug|Win32.ActiveCfg = Debug|Win32
		{28BDB359-DD1D-39B2-A44D-926AD9F7E0E8}.Debug|Win32.Build.0 = Debug|Win32
		{28BDB359-DD1D-39B2-A44D-926AD9F7E0E8}.Release|Win32.ActiveCfg = Release|Win32
		{28BDB359-DD1D-39B2-A44D-926AD9F7E0E8}.Release|Win32.Build.0 = Release|Win32
		{28BDB359-DD1D-39B2-A44D-926AD9F7E0E8}.MinSizeRel|Win32.ActiveCfg = MinSizeRel|Win32
		{28BDB359-DD1D-39B2-A44D-926AD9F7E0E8}.MinSizeRel|Win32.Build.0 = MinSizeRel|Win32
		{28BDB359-DD1D-39B2-A44D-926AD9F7E0E8}.RelWithDebInfo|Win32.ActiveCfg = RelWithDebInfo|Win32
		{28BDB359-DD1D-39B2-A44D-926AD9F7E0E8}.RelWithDebInfo|Win32.Build.0 = RelWithDebInfo|Win32
		{D1B46034-4CB9-310C-A81C-7CEDC6C47FFF}.Debug|Win32.ActiveCfg = Debug|Win32
		{D1B46034-4CB9-310C-A81C-7CEDC6C47FFF}.Debug|Win32.Build.0 = Debug|Win32
		{D1B46034-4CB9-310C-A81C-7CEDC6C47FFF}.Release|Win32.ActiveCfg = Release|Win32
		{D1B46034-4CB9-310C-A81C-7CEDC6C47FFF}.Release|Win32.Build.0 = Release|Win32
		{D1B46034-4CB9-310C-A81C-7CEDC6C47FFF}.MinSizeRel|Win32.ActiveCfg = MinSizeRel|Win32
		{D1B46034-4CB9-310C-A81C-7CEDC6C47FFF}.MinSizeRel|Win32.Build.0 = MinSizeRel|Win32
		{D1B46034-4CB9-310C-A81C-7CEDC6C47FFF}.RelWithDebInfo|Win32.ActiveCfg = RelWithDebInfo|Win32
		{D1B46034-4CB9-310C-A81C-7CEDC6C47FFF}.RelWithDebInfo|Win32.Build.0 = RelWithDebInfo|Win32
		{92119B65-6517-3CA3-9C69-365F389B38B1}.Debug|Win32.ActiveCfg = Debug|Win32
		{92119B65-6517-3CA3-9C69-365F389B38B1}.Debug|Win32.Build.0 = Debug|Win32
		{92119B65-6517-3CA3-9C69-365F389B38B1}.Release|Win32.ActiveCfg = Release|Win32
		{92119B65-6517-3CA3-9C69-365F389B38B1}.Release|Win32.Build.0 = Release|Win32
		{92119B65-6517-3CA3-9C69-365F389B38B1}.MinSizeRel|Win32.ActiveCfg = MinSizeRel|Win32
		{92119B65-6517-3CA3-9C69-365F389B38B1}.MinSizeRel|Win32.Build.0 = MinSizeRel|Win32
		{92119B65-6517-3CA3-9C69-365F389B38B1}.RelWithDebInfo|Win32.ActiveCfg = RelWithDebInfo|Win32
		{92119B65-6517-3CA3-9C69-365F389B38B1}.RelWithDebInfo|Win32.Build.0 = RelWithDebInfo|Win32
		{F4F567AF-F03F-3C7A-A71D-0BD25440FA5B}.Debug|Win32.ActiveCfg = Debug|Win32
		{F4F567AF-F03F-3C7A-A71D-0BD25440FA5B}.Debug|Win32.Build.0 = Debug|Win32
		{F4F567AF-F03F-3C7A-A71D-0BD25440FA5B}.Release|Win32.ActiveCfg = Release|Win32
		{F4F567AF-F03F-3C7A-A71D-0BD25440FA5B}.Release|Win32.Build.0 = Release|Win32
		{F4F567AF-F03F-3C7A-A71D-0BD25440FA5B}.MinSizeRel|Win32.ActiveCfg = MinSizeRel|Win32
		{F4F567AF-F03F-3C7A-A71D-0BD25440FA5B}.MinSizeRel|Win32.Build.0 = MinSizeRel|Win32
		{F4F567AF-F03F-3C7A-A71D-0BD25440FA5B}.RelWithDebInfo|Win32.ActiveCfg = RelWithDebInfo|Win32
		{F4F567AF-F03F-3C7A-A71D-0BD25440FA5B}.RelWithDebInfo|Win32.Build.0 = RelWithDebInfo|Win32
		{7553E035-A00B-3C09-9751-20EE1D19756F}.Debug|Win32.ActiveCfg = Debug|Win32
		{7553E035-A00B-3C09-9751-20EE1D19756F}.Debug|Win32.Build.0 = Debug|Win32
		{7553E035-A00B-3C09-9751-20EE1D19756F}.Release|Win32.ActiveCfg = Release|Win32
		{7553E035-A00B-3C09-9751-20EE1D19756F}.Release|Win32.Build.0 = Release|Win32
		{7553E035-A00B-3C09-9751-20EE1D19756F}.MinSizeRel|Win32.ActiveCfg = MinSizeRel|Win32
		{7553E035-A00B-3C09-9751-20EE1D19756F}.MinSizeRel|Win32.Build.0 = MinSizeRel|Win32
		{7553E035-A00B-3C09-9751-20EE1D19756F}.RelWithDebInfo|Win32.ActiveCfg = RelWithDebInfo|Win32
		{7553E035-A00B-3C09-9751-20EE1D19756F}.RelWithDebInfo|Win32.Build.0 = RelWithDebInfo|Win32
		{DDBC4ADC-7136-3EFE-B242-2558E9877F00}.Debug|Win32.ActiveCfg = Debug|Win32
		{DDBC4ADC-7136-3EFE-B242-2558E9877F00}.Debug|Win32.Build.0 = Debug|Win32
		{DDBC4ADC-7136-3EFE-B242-2558E9877F00}.Release|Win32.ActiveCfg = Release|Win32
		{DDBC4ADC-7136-3EFE-B242-2558E9877F00}.Release|Win32.Build.0 = Release|Win32
		{DDBC4ADC-7136-3EFE-B242-2558E9877F00}.MinSizeRel|Win32.ActiveCfg = MinSizeRel|Win32
		{DDBC4ADC-7136-3EFE-B242-2558E9877F00}.MinSizeRel|Win32.Build.0 = MinSizeRel|Win32
		{DDBC4ADC-7136-3EFE-B242-2558E9877F00}.RelWithDebInfo|Win32.ActiveCfg = RelWithDebInfo|Win32
		{DDBC4ADC-7136-3EFE-B242-2558E9877F00}.RelWithDebInfo|Win32.Build.0 = RelWithDebInfo|Win32
		{C7DC7AF7-8CD4-3972-9A7D-E9CF07F88E9A}.Debug|Win32.ActiveCfg = Debug|Win32
		{C7DC7AF7-8CD4-3972-9A7D-E9CF07F88E9A}.Debug|Win32.Build.0 = Debug|Win32
		{C7DC7AF7-8CD4-3972-9A7D-E9CF07F88E9A}.Release|Win32.ActiveCfg = Release|Win32
		{C7DC7AF7-8CD4-3972-9A7D-E9CF07F88E9A}.Release|Win32.Build.0 = Release|Win32
		{C7DC7AF7-8CD4-3972-9A7D-E9CF07F88E9A}.MinSizeRel|Win32.ActiveCfg = MinSizeRel|Win32
		{C7DC7AF7-8CD4-3972-9A7D-E9CF07F88E9A}.MinSizeRel|Win32.Build.0 = MinSizeRel|Win32
		{C7DC7AF7-8CD4-3972-9A7D-E9CF07F88E9A}.RelWithDebInfo|Win32.ActiveCfg = RelWithDebInfo|Win32
		{C7DC7AF7-8CD4-3972-9A7D-E9CF07F88E9A}.RelWithDebInfo|Win32.Build.0 = RelWithDebInfo|Win32
	EndGlobalSection
	GlobalSection(ExtensibilityGlobals) = postSolution
	EndGlobalSection
	GlobalSection(ExtensibilityAddIns) = postSolution
	EndGlobalSection
EndGlobal
